
Microsoft Visual Studio Solution File, Format Version 10.00
# Visual Studio 2008
Project("{FAE04EC0-301F-11D3-BF4B-00C04F79EFBC}") = "BasicAutomation", "BasicAutomation\BasicAutomation.csproj", "{936DC052-9BF0-410C-9079-114514CCD24B}"
EndProject
Project("{FAE04EC0-301F-11D3-BF4B-00C04F79EFBC}") = "SampleDriver", "SampleDriver\SampleDriver.csproj", "{2774E82D-D3DA-4849-B762-F36FCF004261}"
EndProject
Project("{FAE04EC0-301F-11D3-BF4B-00C04F79EFBC}") = "uialogging", "uialogging\uialogging.csproj", "{7F4B9045-8FEF-4875-8EA8-DD8091288E2B}"
EndProject
Project("{FAE04EC0-301F-11D3-BF4B-00C04F79EFBC}") = "UIATestLibrary", "UIATestLibrary\UIATestLibrary.csproj", "{EF563732-17B0-4B32-B14C-903A65862DF6}"
EndProject
Project("{FAE04EC0-301F-11D3-BF4B-00C04F79EFBC}") = "PresentationCore", "PresentationCore\PresentationCore.csproj", "{95F78089-B222-4351-8850-171F4F30F2DB}"
EndProject
Project("{FAE04EC0-301F-11D3-BF4B-00C04F79EFBC}") = "X11Binding", "X11Binding\X11Binding.csproj", "{0CACE49E-AC81-43C2-A9A7-2C67DD1A0B7A}"
EndProject
Project("{FAE04EC0-301F-11D3-BF4B-00C04F79EFBC}") = "BasicAutomation.Test", "BasicAutomation\BasicAutomation.Test\BasicAutomation.Test.csproj", "{C7EABA1E-B4AD-42F4-9E84-FA042D7EE733}"
EndProject
Project("{FAE04EC0-301F-11D3-BF4B-00C04F79EFBC}") = "X11Binding.Tests", "X11Binding\X11Binding.Tests\X11Binding.Tests.csproj", "{C70B1994-41F5-440D-AB09-B8DE5DCE34DC}"
EndProject
Global
	GlobalSection(SolutionConfigurationPlatforms) = preSolution
		Debug|Any CPU = Debug|Any CPU
		Release|Any CPU = Release|Any CPU
		Debug|x86 = Debug|x86
		Release|x86 = Release|x86
		Debug|x64 = Debug|x64
		Release|x64 = Release|x64
	EndGlobalSection
	GlobalSection(ProjectConfigurationPlatforms) = postSolution
		{0CACE49E-AC81-43C2-A9A7-2C67DD1A0B7A}.Debug|Any CPU.ActiveCfg = Debug|Any CPU
		{0CACE49E-AC81-43C2-A9A7-2C67DD1A0B7A}.Debug|Any CPU.Build.0 = Debug|Any CPU
		{0CACE49E-AC81-43C2-A9A7-2C67DD1A0B7A}.Debug|x64.ActiveCfg = Debug|Any CPU
		{0CACE49E-AC81-43C2-A9A7-2C67DD1A0B7A}.Debug|x64.Build.0 = Debug|Any CPU
		{0CACE49E-AC81-43C2-A9A7-2C67DD1A0B7A}.Debug|x86.ActiveCfg = Debug|Any CPU
		{0CACE49E-AC81-43C2-A9A7-2C67DD1A0B7A}.Debug|x86.Build.0 = Debug|Any CPU
		{0CACE49E-AC81-43C2-A9A7-2C67DD1A0B7A}.Release|Any CPU.ActiveCfg = Release|Any CPU
		{0CACE49E-AC81-43C2-A9A7-2C67DD1A0B7A}.Release|Any CPU.Build.0 = Release|Any CPU
		{0CACE49E-AC81-43C2-A9A7-2C67DD1A0B7A}.Release|x64.ActiveCfg = Release|Any CPU
		{0CACE49E-AC81-43C2-A9A7-2C67DD1A0B7A}.Release|x64.Build.0 = Release|Any CPU
		{0CACE49E-AC81-43C2-A9A7-2C67DD1A0B7A}.Release|x86.ActiveCfg = Release|Any CPU
		{0CACE49E-AC81-43C2-A9A7-2C67DD1A0B7A}.Release|x86.Build.0 = Release|Any CPU
		{2774E82D-D3DA-4849-B762-F36FCF004261}.Debug|Any CPU.ActiveCfg = Debug|Any CPU
		{2774E82D-D3DA-4849-B762-F36FCF004261}.Debug|Any CPU.Build.0 = Debug|Any CPU
		{2774E82D-D3DA-4849-B762-F36FCF004261}.Debug|x86.ActiveCfg = Debug|x86
		{2774E82D-D3DA-4849-B762-F36FCF004261}.Debug|x86.Build.0 = Debug|x86
		{2774E82D-D3DA-4849-B762-F36FCF004261}.Release|Any CPU.ActiveCfg = Release|Any CPU
		{2774E82D-D3DA-4849-B762-F36FCF004261}.Release|Any CPU.Build.0 = Release|Any CPU
		{2774E82D-D3DA-4849-B762-F36FCF004261}.Release|x86.ActiveCfg = Release|x86
		{2774E82D-D3DA-4849-B762-F36FCF004261}.Release|x86.Build.0 = Release|x86
		{7F4B9045-8FEF-4875-8EA8-DD8091288E2B}.Debug|Any CPU.ActiveCfg = Debug|Any CPU
		{7F4B9045-8FEF-4875-8EA8-DD8091288E2B}.Debug|Any CPU.Build.0 = Debug|Any CPU
		{7F4B9045-8FEF-4875-8EA8-DD8091288E2B}.Debug|x64.ActiveCfg = Debug|x64
		{7F4B9045-8FEF-4875-8EA8-DD8091288E2B}.Debug|x64.Build.0 = Debug|x64
		{7F4B9045-8FEF-4875-8EA8-DD8091288E2B}.Debug|x86.ActiveCfg = Debug|x86
		{7F4B9045-8FEF-4875-8EA8-DD8091288E2B}.Debug|x86.Build.0 = Debug|x86
		{7F4B9045-8FEF-4875-8EA8-DD8091288E2B}.Release|Any CPU.ActiveCfg = Release|Any CPU
		{7F4B9045-8FEF-4875-8EA8-DD8091288E2B}.Release|Any CPU.Build.0 = Release|Any CPU
		{7F4B9045-8FEF-4875-8EA8-DD8091288E2B}.Release|x64.ActiveCfg = Release|x64
		{7F4B9045-8FEF-4875-8EA8-DD8091288E2B}.Release|x64.Build.0 = Release|x64
		{7F4B9045-8FEF-4875-8EA8-DD8091288E2B}.Release|x86.ActiveCfg = Release|x86
		{7F4B9045-8FEF-4875-8EA8-DD8091288E2B}.Release|x86.Build.0 = Release|x86
		{936DC052-9BF0-410C-9079-114514CCD24B}.Debug|Any CPU.ActiveCfg = Debug|Any CPU
		{936DC052-9BF0-410C-9079-114514CCD24B}.Debug|Any CPU.Build.0 = Debug|Any CPU
		{936DC052-9BF0-410C-9079-114514CCD24B}.Release|Any CPU.ActiveCfg = Release|Any CPU
		{936DC052-9BF0-410C-9079-114514CCD24B}.Release|Any CPU.Build.0 = Release|Any CPU
		{95F78089-B222-4351-8850-171F4F30F2DB}.Debug|Any CPU.ActiveCfg = Debug|Any CPU
		{95F78089-B222-4351-8850-171F4F30F2DB}.Debug|Any CPU.Build.0 = Debug|Any CPU
		{95F78089-B222-4351-8850-171F4F30F2DB}.Debug|x64.ActiveCfg = Debug|Any CPU
		{95F78089-B222-4351-8850-171F4F30F2DB}.Debug|x64.Build.0 = Debug|Any CPU
		{95F78089-B222-4351-8850-171F4F30F2DB}.Debug|x86.ActiveCfg = Debug|Any CPU
		{95F78089-B222-4351-8850-171F4F30F2DB}.Debug|x86.Build.0 = Debug|Any CPU
		{95F78089-B222-4351-8850-171F4F30F2DB}.Release|Any CPU.ActiveCfg = Release|Any CPU
		{95F78089-B222-4351-8850-171F4F30F2DB}.Release|Any CPU.Build.0 = Release|Any CPU
		{95F78089-B222-4351-8850-171F4F30F2DB}.Release|x64.ActiveCfg = Release|Any CPU
		{95F78089-B222-4351-8850-171F4F30F2DB}.Release|x64.Build.0 = Release|Any CPU
		{95F78089-B222-4351-8850-171F4F30F2DB}.Release|x86.ActiveCfg = Release|Any CPU
		{95F78089-B222-4351-8850-171F4F30F2DB}.Release|x86.Build.0 = Release|Any CPU
		{C70B1994-41F5-440D-AB09-B8DE5DCE34DC}.Debug|Any CPU.ActiveCfg = Debug|Any CPU
		{C70B1994-41F5-440D-AB09-B8DE5DCE34DC}.Debug|Any CPU.Build.0 = Debug|Any CPU
		{C70B1994-41F5-440D-AB09-B8DE5DCE34DC}.Debug|x64.ActiveCfg = Debug|Any CPU
		{C70B1994-41F5-440D-AB09-B8DE5DCE34DC}.Debug|x64.Build.0 = Debug|Any CPU
		{C70B1994-41F5-440D-AB09-B8DE5DCE34DC}.Debug|x86.ActiveCfg = Debug|Any CPU
		{C70B1994-41F5-440D-AB09-B8DE5DCE34DC}.Debug|x86.Build.0 = Debug|Any CPU
		{C70B1994-41F5-440D-AB09-B8DE5DCE34DC}.Release|Any CPU.ActiveCfg = Release|Any CPU
		{C70B1994-41F5-440D-AB09-B8DE5DCE34DC}.Release|Any CPU.Build.0 = Release|Any CPU
		{C70B1994-41F5-440D-AB09-B8DE5DCE34DC}.Release|x64.ActiveCfg = Release|Any CPU
		{C70B1994-41F5-440D-AB09-B8DE5DCE34DC}.Release|x64.Build.0 = Release|Any CPU
		{C70B1994-41F5-440D-AB09-B8DE5DCE34DC}.Release|x86.ActiveCfg = Release|Any CPU
		{C70B1994-41F5-440D-AB09-B8DE5DCE34DC}.Release|x86.Build.0 = Release|Any CPU
		{C7EABA1E-B4AD-42F4-9E84-FA042D7EE733}.Debug|Any CPU.ActiveCfg = Debug|Any CPU
		{C7EABA1E-B4AD-42F4-9E84-FA042D7EE733}.Debug|Any CPU.Build.0 = Debug|Any CPU
		{C7EABA1E-B4AD-42F4-9E84-FA042D7EE733}.Debug|x64.ActiveCfg = Debug|Any CPU
		{C7EABA1E-B4AD-42F4-9E84-FA042D7EE733}.Debug|x64.Build.0 = Debug|Any CPU
		{C7EABA1E-B4AD-42F4-9E84-FA042D7EE733}.Debug|x86.ActiveCfg = Debug|Any CPU
		{C7EABA1E-B4AD-42F4-9E84-FA042D7EE733}.Debug|x86.Build.0 = Debug|Any CPU
		{C7EABA1E-B4AD-42F4-9E84-FA042D7EE733}.Release|Any CPU.ActiveCfg = Release|Any CPU
		{C7EABA1E-B4AD-42F4-9E84-FA042D7EE733}.Release|Any CPU.Build.0 = Release|Any CPU
		{C7EABA1E-B4AD-42F4-9E84-FA042D7EE733}.Release|x64.ActiveCfg = Release|Any CPU
		{C7EABA1E-B4AD-42F4-9E84-FA042D7EE733}.Release|x64.Build.0 = Release|Any CPU
		{C7EABA1E-B4AD-42F4-9E84-FA042D7EE733}.Release|x86.ActiveCfg = Release|Any CPU
		{C7EABA1E-B4AD-42F4-9E84-FA042D7EE733}.Release|x86.Build.0 = Release|Any CPU
		{EF563732-17B0-4B32-B14C-903A65862DF6}.Debug|Any CPU.ActiveCfg = Debug|Any CPU
		{EF563732-17B0-4B32-B14C-903A65862DF6}.Debug|Any CPU.Build.0 = Debug|Any CPU
		{EF563732-17B0-4B32-B14C-903A65862DF6}.Debug|x64.ActiveCfg = Debug|x64
		{EF563732-17B0-4B32-B14C-903A65862DF6}.Debug|x64.Build.0 = Debug|x64
		{EF563732-17B0-4B32-B14C-903A65862DF6}.Debug|x86.ActiveCfg = Debug|x86
		{EF563732-17B0-4B32-B14C-903A65862DF6}.Debug|x86.Build.0 = Debug|x86
		{EF563732-17B0-4B32-B14C-903A65862DF6}.Release|Any CPU.ActiveCfg = Release|Any CPU
		{EF563732-17B0-4B32-B14C-903A65862DF6}.Release|Any CPU.Build.0 = Release|Any CPU
		{EF563732-17B0-4B32-B14C-903A65862DF6}.Release|x64.ActiveCfg = Release|x64
		{EF563732-17B0-4B32-B14C-903A65862DF6}.Release|x64.Build.0 = Release|x64
		{EF563732-17B0-4B32-B14C-903A65862DF6}.Release|x86.ActiveCfg = Release|x86
		{EF563732-17B0-4B32-B14C-903A65862DF6}.Release|x86.Build.0 = Release|x86
	EndGlobalSection
	GlobalSection(MonoDevelopProperties) = preSolution
		StartupItem = BasicAutomation\BasicAutomation.Test\BasicAutomation.Test.csproj
	EndGlobalSection
EndGlobal
